// !$*UTF8*$!
{
	archiveVersion = 1;
	classes = {
	};
	objectVersion = 56;
	objects = {

/* Begin PBXBuildFile section */
		5C38E87B2C89FC95007DF383 /* BrowsePlayableContentApp.swift in Sources */ = {isa = PBXBuildFile; fileRef = 5C38E87A2C89FC95007DF383 /* BrowsePlayableContentApp.swift */; };
		5C38E87F2C89FC96007DF383 /* Assets.xcassets in Resources */ = {isa = PBXBuildFile; fileRef = 5C38E87E2C89FC96007DF383 /* Assets.xcassets */; };
		5C38E8822C89FC96007DF383 /* Preview Assets.xcassets in Resources */ = {isa = PBXBuildFile; fileRef = 5C38E8812C89FC96007DF383 /* Preview Assets.xcassets */; };
		5C38E88C2C89FC97007DF383 /* BrowsePlayableContentTests.swift in Sources */ = {isa = PBXBuildFile; fileRef = 5C38E88B2C89FC97007DF383 /* BrowsePlayableContentTests.swift */; };
		5C38E8962C89FC97007DF383 /* BrowsePlayableContentUITests.swift in Sources */ = {isa = PBXBuildFile; fileRef = 5C38E8952C89FC97007DF383 /* BrowsePlayableContentUITests.swift */; };
		5C38E8982C89FC97007DF383 /* BrowsePlayableContentUITestsLaunchTests.swift in Sources */ = {isa = PBXBuildFile; fileRef = 5C38E8972C89FC97007DF383 /* BrowsePlayableContentUITestsLaunchTests.swift */; };
		5C38E8A92C89FE83007DF383 /* RadioMediaServices.swift in Sources */ = {isa = PBXBuildFile; fileRef = 5C38E8A82C89FE83007DF383 /* RadioMediaServices.swift */; };
		5C38E8AD2C8B6D96007DF383 /* PlayableItem.swift in Sources */ = {isa = PBXBuildFile; fileRef = 5C38E8AC2C8B6D96007DF383 /* PlayableItem.swift */; };
		5C38E8AF2C8B6E75007DF383 /* CachedPlayableItem.swift in Sources */ = {isa = PBXBuildFile; fileRef = 5C38E8AE2C8B6E75007DF383 /* CachedPlayableItem.swift */; };
		5C38E8B12C8B7065007DF383 /* StationsViewModel.swift in Sources */ = {isa = PBXBuildFile; fileRef = 5C38E8B02C8B7065007DF383 /* StationsViewModel.swift */; };
		5C38E8B32C8B75B6007DF383 /* StationsView.swift in Sources */ = {isa = PBXBuildFile; fileRef = 5C38E8B22C8B75B6007DF383 /* StationsView.swift */; };
		5C38E8B62C8B7CD0007DF383 /* AppCoordinator.swift in Sources */ = {isa = PBXBuildFile; fileRef = 5C38E8B52C8B7CD0007DF383 /* AppCoordinator.swift */; };
		5C38E8B92C8B7E31007DF383 /* PlayableContentModel.xcdatamodeld in Sources */ = {isa = PBXBuildFile; fileRef = 5C38E8B72C8B7E31007DF383 /* PlayableContentModel.xcdatamodeld */; };
		5C38E8BB2C8B7F41007DF383 /* CoreDataManager.swift in Sources */ = {isa = PBXBuildFile; fileRef = 5C38E8BA2C8B7F41007DF383 /* CoreDataManager.swift */; };
/* End PBXBuildFile section */

/* Begin PBXContainerItemProxy section */
		5C38E8882C89FC97007DF383 /* PBXContainerItemProxy */ = {
			isa = PBXContainerItemProxy;
			containerPortal = 5C38E86F2C89FC95007DF383 /* Project object */;
			proxyType = 1;
			remoteGlobalIDString = 5C38E8762C89FC95007DF383;
			remoteInfo = BrowsePlayableContent;
		};
		5C38E8922C89FC97007DF383 /* PBXContainerItemProxy */ = {
			isa = PBXContainerItemProxy;
			containerPortal = 5C38E86F2C89FC95007DF383 /* Project object */;
			proxyType = 1;
			remoteGlobalIDString = 5C38E8762C89FC95007DF383;
			remoteInfo = BrowsePlayableContent;
		};
/* End PBXContainerItemProxy section */

/* Begin PBXFileReference section */
		5C38E8772C89FC95007DF383 /* BrowsePlayableContent.app */ = {isa = PBXFileReference; explicitFileType = wrapper.application; includeInIndex = 0; path = BrowsePlayableContent.app; sourceTree = BUILT_PRODUCTS_DIR; };
		5C38E87A2C89FC95007DF383 /* BrowsePlayableContentApp.swift */ = {isa = PBXFileReference; lastKnownFileType = sourcecode.swift; path = BrowsePlayableContentApp.swift; sourceTree = "<group>"; };
		5C38E87E2C89FC96007DF383 /* Assets.xcassets */ = {isa = PBXFileReference; lastKnownFileType = folder.assetcatalog; path = Assets.xcassets; sourceTree = "<group>"; };
		5C38E8812C89FC96007DF383 /* Preview Assets.xcassets */ = {isa = PBXFileReference; lastKnownFileType = folder.assetcatalog; path = "Preview Assets.xcassets"; sourceTree = "<group>"; };
		5C38E8872C89FC97007DF383 /* BrowsePlayableContentTests.xctest */ = {isa = PBXFileReference; explicitFileType = wrapper.cfbundle; includeInIndex = 0; path = BrowsePlayableContentTests.xctest; sourceTree = BUILT_PRODUCTS_DIR; };
		5C38E88B2C89FC97007DF383 /* BrowsePlayableContentTests.swift */ = {isa = PBXFileReference; lastKnownFileType = sourcecode.swift; path = BrowsePlayableContentTests.swift; sourceTree = "<group>"; };
		5C38E8912C89FC97007DF383 /* BrowsePlayableContentUITests.xctest */ = {isa = PBXFileReference; explicitFileType = wrapper.cfbundle; includeInIndex = 0; path = BrowsePlayableContentUITests.xctest; sourceTree = BUILT_PRODUCTS_DIR; };
		5C38E8952C89FC97007DF383 /* BrowsePlayableContentUITests.swift */ = {isa = PBXFileReference; lastKnownFileType = sourcecode.swift; path = BrowsePlayableContentUITests.swift; sourceTree = "<group>"; };
		5C38E8972C89FC97007DF383 /* BrowsePlayableContentUITestsLaunchTests.swift */ = {isa = PBXFileReference; lastKnownFileType = sourcecode.swift; path = BrowsePlayableContentUITestsLaunchTests.swift; sourceTree = "<group>"; };
		5C38E8A82C89FE83007DF383 /* RadioMediaServices.swift */ = {isa = PBXFileReference; lastKnownFileType = sourcecode.swift; path = RadioMediaServices.swift; sourceTree = "<group>"; };
		5C38E8AC2C8B6D96007DF383 /* PlayableItem.swift */ = {isa = PBXFileReference; lastKnownFileType = sourcecode.swift; path = PlayableItem.swift; sourceTree = "<group>"; };
		5C38E8AE2C8B6E75007DF383 /* CachedPlayableItem.swift */ = {isa = PBXFileReference; lastKnownFileType = sourcecode.swift; path = CachedPlayableItem.swift; sourceTree = "<group>"; };
		5C38E8B02C8B7065007DF383 /* StationsViewModel.swift */ = {isa = PBXFileReference; lastKnownFileType = sourcecode.swift; path = StationsViewModel.swift; sourceTree = "<group>"; };
		5C38E8B22C8B75B6007DF383 /* StationsView.swift */ = {isa = PBXFileReference; lastKnownFileType = sourcecode.swift; path = StationsView.swift; sourceTree = "<group>"; };
		5C38E8B52C8B7CD0007DF383 /* AppCoordinator.swift */ = {isa = PBXFileReference; lastKnownFileType = sourcecode.swift; path = AppCoordinator.swift; sourceTree = "<group>"; };
		5C38E8B82C8B7E31007DF383 /* PlayableContentModel.xcdatamodel */ = {isa = PBXFileReference; lastKnownFileType = wrapper.xcdatamodel; path = PlayableContentModel.xcdatamodel; sourceTree = "<group>"; };
		5C38E8BA2C8B7F41007DF383 /* CoreDataManager.swift */ = {isa = PBXFileReference; lastKnownFileType = sourcecode.swift; path = CoreDataManager.swift; sourceTree = "<group>"; };
/* End PBXFileReference section */

/* Begin PBXFrameworksBuildPhase section */
		5C38E8742C89FC95007DF383 /* Frameworks */ = {
			isa = PBXFrameworksBuildPhase;
			buildActionMask = 2147483647;
			files = (
			);
			runOnlyForDeploymentPostprocessing = 0;
		};
		5C38E8842C89FC97007DF383 /* Frameworks */ = {
			isa = PBXFrameworksBuildPhase;
			buildActionMask = 2147483647;
			files = (
			);
			runOnlyForDeploymentPostprocessing = 0;
		};
		5C38E88E2C89FC97007DF383 /* Frameworks */ = {
			isa = PBXFrameworksBuildPhase;
			buildActionMask = 2147483647;
			files = (
			);
			runOnlyForDeploymentPostprocessing = 0;
		};
/* End PBXFrameworksBuildPhase section */

/* Begin PBXGroup section */
		5C38E86E2C89FC95007DF383 = {
			isa = PBXGroup;
			children = (
				5C38E8B72C8B7E31007DF383 /* PlayableContentModel.xcdatamodeld */,
				5C38E8792C89FC95007DF383 /* BrowsePlayableContent */,
				5C38E88A2C89FC97007DF383 /* BrowsePlayableContentTests */,
				5C38E8942C89FC97007DF383 /* BrowsePlayableContentUITests */,
				5C38E8782C89FC95007DF383 /* Products */,
			);
			sourceTree = "<group>";
		};
		5C38E8782C89FC95007DF383 /* Products */ = {
			isa = PBXGroup;
			children = (
				5C38E8772C89FC95007DF383 /* BrowsePlayableContent.app */,
				5C38E8872C89FC97007DF383 /* BrowsePlayableContentTests.xctest */,
				5C38E8912C89FC97007DF383 /* BrowsePlayableContentUITests.xctest */,
			);
			name = Products;
			sourceTree = "<group>";
		};
		5C38E8792C89FC95007DF383 /* BrowsePlayableContent */ = {
			isa = PBXGroup;
			children = (
				5C38E8A72C89FCC7007DF383 /* View */,
				5C38E8A62C89FCB9007DF383 /* Repository */,
				5C38E8A52C89FCB2007DF383 /* ViewModel */,
				5C38E8A42C89FCAC007DF383 /* Model */,
				5C38E87E2C89FC96007DF383 /* Assets.xcassets */,
				5C38E8802C89FC96007DF383 /* Preview Content */,
			);
			path = BrowsePlayableContent;
			sourceTree = "<group>";
		};
		5C38E8802C89FC96007DF383 /* Preview Content */ = {
			isa = PBXGroup;
			children = (
				5C38E8812C89FC96007DF383 /* Preview Assets.xcassets */,
			);
			path = "Preview Content";
			sourceTree = "<group>";
		};
		5C38E88A2C89FC97007DF383 /* BrowsePlayableContentTests */ = {
			isa = PBXGroup;
			children = (
				5C38E88B2C89FC97007DF383 /* BrowsePlayableContentTests.swift */,
			);
			path = BrowsePlayableContentTests;
			sourceTree = "<group>";
		};
		5C38E8942C89FC97007DF383 /* BrowsePlayableContentUITests */ = {
			isa = PBXGroup;
			children = (
				5C38E8952C89FC97007DF383 /* BrowsePlayableContentUITests.swift */,
				5C38E8972C89FC97007DF383 /* BrowsePlayableContentUITestsLaunchTests.swift */,
			);
			path = BrowsePlayableContentUITests;
			sourceTree = "<group>";
		};
		5C38E8A42C89FCAC007DF383 /* Model */ = {
			isa = PBXGroup;
			children = (
				5C38E8A82C89FE83007DF383 /* RadioMediaServices.swift */,
				5C38E8AC2C8B6D96007DF383 /* PlayableItem.swift */,
				5C38E8AE2C8B6E75007DF383 /* CachedPlayableItem.swift */,
				5C38E8BA2C8B7F41007DF383 /* CoreDataManager.swift */,
			);
			path = Model;
			sourceTree = "<group>";
		};
		5C38E8A52C89FCB2007DF383 /* ViewModel */ = {
			isa = PBXGroup;
			children = (
				5C38E8B02C8B7065007DF383 /* StationsViewModel.swift */,
			);
			path = ViewModel;
			sourceTree = "<group>";
		};
		5C38E8A62C89FCB9007DF383 /* Repository */ = {
			isa = PBXGroup;
			children = (
			);
			path = Repository;
			sourceTree = "<group>";
		};
		5C38E8A72C89FCC7007DF383 /* View */ = {
			isa = PBXGroup;
			children = (
				5C38E8B42C8B7CB7007DF383 /* Coordinator */,
				5C38E87A2C89FC95007DF383 /* BrowsePlayableContentApp.swift */,
				5C38E8B22C8B75B6007DF383 /* StationsView.swift */,
			);
			path = View;
			sourceTree = "<group>";
		};
		5C38E8B42C8B7CB7007DF383 /* Coordinator */ = {
			isa = PBXGroup;
			children = (
				5C38E8B52C8B7CD0007DF383 /* AppCoordinator.swift */,
			);
			path = Coordinator;
			sourceTree = "<group>";
		};
/* End PBXGroup section */

/* Begin PBXNativeTarget section */
		5C38E8762C89FC95007DF383 /* BrowsePlayableContent */ = {
			isa = PBXNativeTarget;
			buildConfigurationList = 5C38E89B2C89FC97007DF383 /* Build configuration list for PBXNativeTarget "BrowsePlayableContent" */;
			buildPhases = (
				5C38E8732C89FC95007DF383 /* Sources */,
				5C38E8742C89FC95007DF383 /* Frameworks */,
				5C38E8752C89FC95007DF383 /* Resources */,
			);
			buildRules = (
			);
			dependencies = (
			);
			name = BrowsePlayableContent;
			productName = BrowsePlayableContent;
			productReference = 5C38E8772C89FC95007DF383 /* BrowsePlayableContent.app */;
			productType = "com.apple.product-type.application";
		};
		5C38E8862C89FC97007DF383 /* BrowsePlayableContentTests */ = {
			isa = PBXNativeTarget;
			buildConfigurationList = 5C38E89E2C89FC97007DF383 /* Build configuration list for PBXNativeTarget "BrowsePlayableContentTests" */;
			buildPhases = (
				5C38E8832C89FC97007DF383 /* Sources */,
				5C38E8842C89FC97007DF383 /* Frameworks */,
				5C38E8852C89FC97007DF383 /* Resources */,
			);
			buildRules = (
			);
			dependencies = (
				5C38E8892C89FC97007DF383 /* PBXTargetDependency */,
			);
			name = BrowsePlayableContentTests;
			productName = BrowsePlayableContentTests;
			productReference = 5C38E8872C89FC97007DF383 /* BrowsePlayableContentTests.xctest */;
			productType = "com.apple.product-type.bundle.unit-test";
		};
		5C38E8902C89FC97007DF383 /* BrowsePlayableContentUITests */ = {
			isa = PBXNativeTarget;
			buildConfigurationList = 5C38E8A12C89FC97007DF383 /* Build configuration list for PBXNativeTarget "BrowsePlayableContentUITests" */;
			buildPhases = (
				5C38E88D2C89FC97007DF383 /* Sources */,
				5C38E88E2C89FC97007DF383 /* Frameworks */,
				5C38E88F2C89FC97007DF383 /* Resources */,
			);
			buildRules = (
			);
			dependencies = (
				5C38E8932C89FC97007DF383 /* PBXTargetDependency */,
			);
			name = BrowsePlayableContentUITests;
			productName = BrowsePlayableContentUITests;
			productReference = 5C38E8912C89FC97007DF383 /* BrowsePlayableContentUITests.xctest */;
			productType = "com.apple.product-type.bundle.ui-testing";
		};
/* End PBXNativeTarget section */

/* Begin PBXProject section */
		5C38E86F2C89FC95007DF383 /* Project object */ = {
			isa = PBXProject;
			attributes = {
				BuildIndependentTargetsInParallel = 1;
				LastSwiftUpdateCheck = 1540;
				LastUpgradeCheck = 1540;
				TargetAttributes = {
					5C38E8762C89FC95007DF383 = {
						CreatedOnToolsVersion = 15.4;
					};
					5C38E8862C89FC97007DF383 = {
						CreatedOnToolsVersion = 15.4;
						TestTargetID = 5C38E8762C89FC95007DF383;
					};
					5C38E8902C89FC97007DF383 = {
						CreatedOnToolsVersion = 15.4;
						TestTargetID = 5C38E8762C89FC95007DF383;
					};
				};
			};
			buildConfigurationList = 5C38E8722C89FC95007DF383 /* Build configuration list for PBXProject "BrowsePlayableContent" */;
			compatibilityVersion = "Xcode 14.0";
			developmentRegion = en;
			hasScannedForEncodings = 0;
			knownRegions = (
				en,
				Base,
			);
			mainGroup = 5C38E86E2C89FC95007DF383;
			productRefGroup = 5C38E8782C89FC95007DF383 /* Products */;
			projectDirPath = "";
			projectRoot = "";
			targets = (
				5C38E8762C89FC95007DF383 /* BrowsePlayableContent */,
				5C38E8862C89FC97007DF383 /* BrowsePlayableContentTests */,
				5C38E8902C89FC97007DF383 /* BrowsePlayableContentUITests */,
			);
		};
/* End PBXProject section */

/* Begin PBXResourcesBuildPhase section */
		5C38E8752C89FC95007DF383 /* Resources */ = {
			isa = PBXResourcesBuildPhase;
			buildActionMask = 2147483647;
			files = (
				5C38E8822C89FC96007DF383 /* Preview Assets.xcassets in Resources */,
				5C38E87F2C89FC96007DF383 /* Assets.xcassets in Resources */,
			);
			runOnlyForDeploymentPostprocessing = 0;
		};
		5C38E8852C89FC97007DF383 /* Resources */ = {
			isa = PBXResourcesBuildPhase;
			buildActionMask = 2147483647;
			files = (
			);
			runOnlyForDeploymentPostprocessing = 0;
		};
		5C38E88F2C89FC97007DF383 /* Resources */ = {
			isa = PBXResourcesBuildPhase;
			buildActionMask = 2147483647;
			files = (
			);
			runOnlyForDeploymentPostprocessing = 0;
		};
/* End PBXResourcesBuildPhase section */

/* Begin PBXSourcesBuildPhase section */
		5C38E8732C89FC95007DF383 /* Sources */ = {
			isa = PBXSourcesBuildPhase;
			buildActionMask = 2147483647;
			files = (
				5C38E8AF2C8B6E75007DF383 /* CachedPlayableItem.swift in Sources */,
				5C38E8A92C89FE83007DF383 /* RadioMediaServices.swift in Sources */,
				5C38E8B32C8B75B6007DF383 /* StationsView.swift in Sources */,
				5C38E8B62C8B7CD0007DF383 /* AppCoordinator.swift in Sources */,
				5C38E8B12C8B7065007DF383 /* StationsViewModel.swift in Sources */,
				5C38E8AD2C8B6D96007DF383 /* PlayableItem.swift in Sources */,
				5C38E8B92C8B7E31007DF383 /* PlayableContentModel.xcdatamodeld in Sources */,
				5C38E8BB2C8B7F41007DF383 /* CoreDataManager.swift in Sources */,
				5C38E87B2C89FC95007DF383 /* BrowsePlayableContentApp.swift in Sources */,
			);
			runOnlyForDeploymentPostprocessing = 0;
		};
		5C38E8832C89FC97007DF383 /* Sources */ = {
			isa = PBXSourcesBuildPhase;
			buildActionMask = 2147483647;
			files = (
				5C38E88C2C89FC97007DF383 /* BrowsePlayableContentTests.swift in Sources */,
			);
			runOnlyForDeploymentPostprocessing = 0;
		};
		5C38E88D2C89FC97007DF383 /* Sources */ = {
			isa = PBXSourcesBuildPhase;
			buildActionMask = 2147483647;
			files = (
				5C38E8982C89FC97007DF383 /* BrowsePlayableContentUITestsLaunchTests.swift in Sources */,
				5C38E8962C89FC97007DF383 /* BrowsePlayableContentUITests.swift in Sources */,
			);
			runOnlyForDeploymentPostprocessing = 0;
		};
/* End PBXSourcesBuildPhase section */

/* Begin PBXTargetDependency section */
		5C38E8892C89FC97007DF383 /* PBXTargetDependency */ = {
			isa = PBXTargetDependency;
			target = 5C38E8762C89FC95007DF383 /* BrowsePlayableContent */;
			targetProxy = 5C38E8882C89FC97007DF383 /* PBXContainerItemProxy */;
		};
		5C38E8932C89FC97007DF383 /* PBXTargetDependency */ = {
			isa = PBXTargetDependency;
			target = 5C38E8762C89FC95007DF383 /* BrowsePlayableContent */;
			targetProxy = 5C38E8922C89FC97007DF383 /* PBXContainerItemProxy */;
		};
/* End PBXTargetDependency section */

/* Begin XCBuildConfiguration section */
		5C38E8992C89FC97007DF383 /* Debug */ = {
			isa = XCBuildConfiguration;
			buildSettings = {
				ALWAYS_SEARCH_USER_PATHS = NO;
				ASSETCATALOG_COMPILER_GENERATE_SWIFT_ASSET_SYMBOL_EXTENSIONS = YES;
				CLANG_ANALYZER_NONNULL = YES;
				CLANG_ANALYZER_NUMBER_OBJECT_CONVERSION = YES_AGGRESSIVE;
				CLANG_CXX_LANGUAGE_STANDARD = "gnu++20";
				CLANG_ENABLE_MODULES = YES;
				CLANG_ENABLE_OBJC_ARC = YES;
				CLANG_ENABLE_OBJC_WEAK = YES;
				CLANG_WARN_BLOCK_CAPTURE_AUTORELEASING = YES;
				CLANG_WARN_BOOL_CONVERSION = YES;
				CLANG_WARN_COMMA = YES;
				CLANG_WARN_CONSTANT_CONVERSION = YES;
				CLANG_WARN_DEPRECATED_OBJC_IMPLEMENTATIONS = YES;
				CLANG_WARN_DIRECT_OBJC_ISA_USAGE = YES_ERROR;
				CLANG_WARN_DOCUMENTATION_COMMENTS = YES;
				CLANG_WARN_EMPTY_BODY = YES;
				CLANG_WARN_ENUM_CONVERSION = YES;
				CLANG_WARN_INFINITE_RECURSION = YES;
				CLANG_WARN_INT_CONVERSION = YES;
				CLANG_WARN_NON_LITERAL_NULL_CONVERSION = YES;
				CLANG_WARN_OBJC_IMPLICIT_RETAIN_SELF = YES;
				CLANG_WARN_OBJC_LITERAL_CONVERSION = YES;
				CLANG_WARN_OBJC_ROOT_CLASS = YES_ERROR;
				CLANG_WARN_QUOTED_INCLUDE_IN_FRAMEWORK_HEADER = YES;
				CLANG_WARN_RANGE_LOOP_ANALYSIS = YES;
				CLANG_WARN_STRICT_PROTOTYPES = YES;
				CLANG_WARN_SUSPICIOUS_MOVE = YES;
				CLANG_WARN_UNGUARDED_AVAILABILITY = YES_AGGRESSIVE;
				CLANG_WARN_UNREACHABLE_CODE = YES;
				CLANG_WARN__DUPLICATE_METHOD_MATCH = YES;
				COPY_PHASE_STRIP = NO;
				DEBUG_INFORMATION_FORMAT = dwarf;
				ENABLE_STRICT_OBJC_MSGSEND = YES;
				ENABLE_TESTABILITY = YES;
				ENABLE_USER_SCRIPT_SANDBOXING = YES;
				GCC_C_LANGUAGE_STANDARD = gnu17;
				GCC_DYNAMIC_NO_PIC = NO;
				GCC_NO_COMMON_BLOCKS = YES;
				GCC_OPTIMIZATION_LEVEL = 0;
				GCC_PREPROCESSOR_DEFINITIONS = (
					"DEBUG=1",
					"$(inherited)",
				);
				GCC_WARN_64_TO_32_BIT_CONVERSION = YES;
				GCC_WARN_ABOUT_RETURN_TYPE = YES_ERROR;
				GCC_WARN_UNDECLARED_SELECTOR = YES;
				GCC_WARN_UNINITIALIZED_AUTOS = YES_AGGRESSIVE;
				GCC_WARN_UNUSED_FUNCTION = YES;
				GCC_WARN_UNUSED_VARIABLE = YES;
				IPHONEOS_DEPLOYMENT_TARGET = 17.5;
				LOCALIZATION_PREFERS_STRING_CATALOGS = YES;
				MTL_ENABLE_DEBUG_INFO = INCLUDE_SOURCE;
				MTL_FAST_MATH = YES;
				ONLY_ACTIVE_ARCH = YES;
				SDKROOT = iphoneos;
				SWIFT_ACTIVE_COMPILATION_CONDITIONS = "DEBUG $(inherited)";
				SWIFT_OPTIMIZATION_LEVEL = "-Onone";
			};
			name = Debug;
		};
		5C38E89A2C89FC97007DF383 /* Release */ = {
			isa = XCBuildConfiguration;
			buildSettings = {
				ALWAYS_SEARCH_USER_PATHS = NO;
				ASSETCATALOG_COMPILER_GENERATE_SWIFT_ASSET_SYMBOL_EXTENSIONS = YES;
				CLANG_ANALYZER_NONNULL = YES;
				CLANG_ANALYZER_NUMBER_OBJECT_CONVERSION = YES_AGGRESSIVE;
				CLANG_CXX_LANGUAGE_STANDARD = "gnu++20";
				CLANG_ENABLE_MODULES = YES;
				CLANG_ENABLE_OBJC_ARC = YES;
				CLANG_ENABLE_OBJC_WEAK = YES;
				CLANG_WARN_BLOCK_CAPTURE_AUTORELEASING = YES;
				CLANG_WARN_BOOL_CONVERSION = YES;
				CLANG_WARN_COMMA = YES;
				CLANG_WARN_CONSTANT_CONVERSION = YES;
				CLANG_WARN_DEPRECATED_OBJC_IMPLEMENTATIONS = YES;
				CLANG_WARN_DIRECT_OBJC_ISA_USAGE = YES_ERROR;
				CLANG_WARN_DOCUMENTATION_COMMENTS = YES;
				CLANG_WARN_EMPTY_BODY = YES;
				CLANG_WARN_ENUM_CONVERSION = YES;
				CLANG_WARN_INFINITE_RECURSION = YES;
				CLANG_WARN_INT_CONVERSION = YES;
				CLANG_WARN_NON_LITERAL_NULL_CONVERSION = YES;
				CLANG_WARN_OBJC_IMPLICIT_RETAIN_SELF = YES;
				CLANG_WARN_OBJC_LITERAL_CONVERSION = YES;
				CLANG_WARN_OBJC_ROOT_CLASS = YES_ERROR;
				CLANG_WARN_QUOTED_INCLUDE_IN_FRAMEWORK_HEADER = YES;
				CLANG_WARN_RANGE_LOOP_ANALYSIS = YES;
				CLANG_WARN_STRICT_PROTOTYPES = YES;
				CLANG_WARN_SUSPICIOUS_MOVE = YES;
				CLANG_WARN_UNGUARDED_AVAILABILITY = YES_AGGRESSIVE;
				CLANG_WARN_UNREACHABLE_CODE = YES;
				CLANG_WARN__DUPLICATE_METHOD_MATCH = YES;
				COPY_PHASE_STRIP = NO;
				DEBUG_INFORMATION_FORMAT = "dwarf-with-dsym";
				ENABLE_NS_ASSERTIONS = NO;
				ENABLE_STRICT_OBJC_MSGSEND = YES;
				ENABLE_USER_SCRIPT_SANDBOXING = YES;
				GCC_C_LANGUAGE_STANDARD = gnu17;
				GCC_NO_COMMON_BLOCKS = YES;
				GCC_WARN_64_TO_32_BIT_CONVERSION = YES;
				GCC_WARN_ABOUT_RETURN_TYPE = YES_ERROR;
				GCC_WARN_UNDECLARED_SELECTOR = YES;
				GCC_WARN_UNINITIALIZED_AUTOS = YES_AGGRESSIVE;
				GCC_WARN_UNUSED_FUNCTION = YES;
				GCC_WARN_UNUSED_VARIABLE = YES;
				IPHONEOS_DEPLOYMENT_TARGET = 17.5;
				LOCALIZATION_PREFERS_STRING_CATALOGS = YES;
				MTL_ENABLE_DEBUG_INFO = NO;
				MTL_FAST_MATH = YES;
				SDKROOT = iphoneos;
				SWIFT_COMPILATION_MODE = wholemodule;
				VALIDATE_PRODUCT = YES;
			};
			name = Release;
		};
		5C38E89C2C89FC97007DF383 /* Debug */ = {
			isa = XCBuildConfiguration;
			buildSettings = {
				ASSETCATALOG_COMPILER_APPICON_NAME = AppIcon;
				ASSETCATALOG_COMPILER_GLOBAL_ACCENT_COLOR_NAME = AccentColor;
				CODE_SIGN_STYLE = Automatic;
				CURRENT_PROJECT_VERSION = 1;
				DEVELOPMENT_ASSET_PATHS = "\"BrowsePlayableContent/Preview Content\"";
				DEVELOPMENT_TEAM = T5WRTFYQ88;
				ENABLE_PREVIEWS = YES;
				GENERATE_INFOPLIST_FILE = YES;
				INFOPLIST_KEY_UIApplicationSceneManifest_Generation = YES;
				INFOPLIST_KEY_UIApplicationSupportsIndirectInputEvents = YES;
				INFOPLIST_KEY_UILaunchScreen_Generation = YES;
				INFOPLIST_KEY_UISupportedInterfaceOrientations_iPad = "UIInterfaceOrientationPortrait UIInterfaceOrientationPortraitUpsideDown UIInterfaceOrientationLandscapeLeft UIInterfaceOrientationLandscapeRight";
				INFOPLIST_KEY_UISupportedInterfaceOrientations_iPhone = "UIInterfaceOrientationPortrait UIInterfaceOrientationLandscapeLeft UIInterfaceOrientationLandscapeRight";
				LD_RUNPATH_SEARCH_PATHS = (
					"$(inherited)",
					"@executable_path/Frameworks",
				);
				MARKETING_VERSION = 1.0;
				PRODUCT_BUNDLE_IDENTIFIER = com.MiniSoundChallenge.BrowsePlayableContent;
				PRODUCT_NAME = "$(TARGET_NAME)";
				SWIFT_EMIT_LOC_STRINGS = YES;
				SWIFT_VERSION = 5.0;
				TARGETED_DEVICE_FAMILY = "1,2";
			};
			name = Debug;
		};
		5C38E89D2C89FC97007DF383 /* Release */ = {
			isa = XCBuildConfiguration;
			buildSettings = {
				ASSETCATALOG_COMPILER_APPICON_NAME = AppIcon;
				ASSETCATALOG_COMPILER_GLOBAL_ACCENT_COLOR_NAME = AccentColor;
				CODE_SIGN_STYLE = Automatic;
				CURRENT_PROJECT_VERSION = 1;
				DEVELOPMENT_ASSET_PATHS = "\"BrowsePlayableContent/Preview Content\"";
				DEVELOPMENT_TEAM = T5WRTFYQ88;
				ENABLE_PREVIEWS = YES;
				GENERATE_INFOPLIST_FILE = YES;
				INFOPLIST_KEY_UIApplicationSceneManifest_Generation = YES;
				INFOPLIST_KEY_UIApplicationSupportsIndirectInputEvents = YES;
				INFOPLIST_KEY_UILaunchScreen_Generation = YES;
				INFOPLIST_KEY_UISupportedInterfaceOrientations_iPad = "UIInterfaceOrientationPortrait UIInterfaceOrientationPortraitUpsideDown UIInterfaceOrientationLandscapeLeft UIInterfaceOrientationLandscapeRight";
				INFOPLIST_KEY_UISupportedInterfaceOrientations_iPhone = "UIInterfaceOrientationPortrait UIInterfaceOrientationLandscapeLeft UIInterfaceOrientationLandscapeRight";
				LD_RUNPATH_SEARCH_PATHS = (
					"$(inherited)",
					"@executable_path/Frameworks",
				);
				MARKETING_VERSION = 1.0;
				PRODUCT_BUNDLE_IDENTIFIER = com.MiniSoundChallenge.BrowsePlayableContent;
				PRODUCT_NAME = "$(TARGET_NAME)";
				SWIFT_EMIT_LOC_STRINGS = YES;
				SWIFT_VERSION = 5.0;
				TARGETED_DEVICE_FAMILY = "1,2";
			};
			name = Release;
		};
		5C38E89F2C89FC97007DF383 /* Debug */ = {
			isa = XCBuildConfiguration;
			buildSettings = {
				ALWAYS_EMBED_SWIFT_STANDARD_LIBRARIES = YES;
				BUNDLE_LOADER = "$(TEST_HOST)";
				CODE_SIGN_STYLE = Automatic;
				CURRENT_PROJECT_VERSION = 1;
				DEVELOPMENT_TEAM = T5WRTFYQ88;
				GENERATE_INFOPLIST_FILE = YES;
				IPHONEOS_DEPLOYMENT_TARGET = 17.5;
				MARKETING_VERSION = 1.0;
				PRODUCT_BUNDLE_IDENTIFIER = com.MiniSoundChallenge.BrowsePlayableContentTests;
				PRODUCT_NAME = "$(TARGET_NAME)";
				SWIFT_EMIT_LOC_STRINGS = NO;
				SWIFT_VERSION = 5.0;
				TARGETED_DEVICE_FAMILY = "1,2";
				TEST_HOST = "$(BUILT_PRODUCTS_DIR)/BrowsePlayableContent.app/$(BUNDLE_EXECUTABLE_FOLDER_PATH)/BrowsePlayableContent";
			};
			name = Debug;
		};
		5C38E8A02C89FC97007DF383 /* Release */ = {
			isa = XCBuildConfiguration;
			buildSettings = {
				ALWAYS_EMBED_SWIFT_STANDARD_LIBRARIES = YES;
				BUNDLE_LOADER = "$(TEST_HOST)";
				CODE_SIGN_STYLE = Automatic;
				CURRENT_PROJECT_VERSION = 1;
				DEVELOPMENT_TEAM = T5WRTFYQ88;
				GENERATE_INFOPLIST_FILE = YES;
				IPHONEOS_DEPLOYMENT_TARGET = 17.5;
				MARKETING_VERSION = 1.0;
				PRODUCT_BUNDLE_IDENTIFIER = com.MiniSoundChallenge.BrowsePlayableContentTests;
				PRODUCT_NAME = "$(TARGET_NAME)";
				SWIFT_EMIT_LOC_STRINGS = NO;
				SWIFT_VERSION = 5.0;
				TARGETED_DEVICE_FAMILY = "1,2";
				TEST_HOST = "$(BUILT_PRODUCTS_DIR)/BrowsePlayableContent.app/$(BUNDLE_EXECUTABLE_FOLDER_PATH)/BrowsePlayableContent";
			};
			name = Release;
		};
		5C38E8A22C89FC97007DF383 /* Debug */ = {
			isa = XCBuildConfiguration;
			buildSettings = {
				ALWAYS_EMBED_SWIFT_STANDARD_LIBRARIES = YES;
				CODE_SIGN_STYLE = Automatic;
				CURRENT_PROJECT_VERSION = 1;
				DEVELOPMENT_TEAM = T5WRTFYQ88;
				GENERATE_INFOPLIST_FILE = YES;
				MARKETING_VERSION = 1.0;
				PRODUCT_BUNDLE_IDENTIFIER = com.MiniSoundChallenge.BrowsePlayableContentUITests;
				PRODUCT_NAME = "$(TARGET_NAME)";
				SWIFT_EMIT_LOC_STRINGS = NO;
				SWIFT_VERSION = 5.0;
				TARGETED_DEVICE_FAMILY = "1,2";
				TEST_TARGET_NAME = BrowsePlayableContent;
			};
			name = Debug;
		};
		5C38E8A32C89FC97007DF383 /* Release */ = {
			isa = XCBuildConfiguration;
			buildSettings = {
				ALWAYS_EMBED_SWIFT_STANDARD_LIBRARIES = YES;
				CODE_SIGN_STYLE = Automatic;
				CURRENT_PROJECT_VERSION = 1;
				DEVELOPMENT_TEAM = T5WRTFYQ88;
				GENERATE_INFOPLIST_FILE = YES;
				MARKETING_VERSION = 1.0;
				PRODUCT_BUNDLE_IDENTIFIER = com.MiniSoundChallenge.BrowsePlayableContentUITests;
				PRODUCT_NAME = "$(TARGET_NAME)";
				SWIFT_EMIT_LOC_STRINGS = NO;
				SWIFT_VERSION = 5.0;
				TARGETED_DEVICE_FAMILY = "1,2";
				TEST_TARGET_NAME = BrowsePlayableContent;
			};
			name = Release;
		};
/* End XCBuildConfiguration section */

/* Begin XCConfigurationList section */
		5C38E8722C89FC95007DF383 /* Build configuration list for PBXProject "BrowsePlayableContent" */ = {
			isa = XCConfigurationList;
			buildConfigurations = (
				5C38E8992C89FC97007DF383 /* Debug */,
				5C38E89A2C89FC97007DF383 /* Release */,
			);
			defaultConfigurationIsVisible = 0;
			defaultConfigurationName = Release;
		};
		5C38E89B2C89FC97007DF383 /* Build configuration list for PBXNativeTarget "BrowsePlayableContent" */ = {
			isa = XCConfigurationList;
			buildConfigurations = (
				5C38E89C2C89FC97007DF383 /* Debug */,
				5C38E89D2C89FC97007DF383 /* Release */,
			);
			defaultConfigurationIsVisible = 0;
			defaultConfigurationName = Release;
		};
		5C38E89E2C89FC97007DF383 /* Build configuration list for PBXNativeTarget "BrowsePlayableContentTests" */ = {
			isa = XCConfigurationList;
			buildConfigurations = (
				5C38E89F2C89FC97007DF383 /* Debug */,
				5C38E8A02C89FC97007DF383 /* Release */,
			);
			defaultConfigurationIsVisible = 0;
			defaultConfigurationName = Release;
		};
		5C38E8A12C89FC97007DF383 /* Build configuration list for PBXNativeTarget "BrowsePlayableContentUITests" */ = {
			isa = XCConfigurationList;
			buildConfigurations = (
				5C38E8A22C89FC97007DF383 /* Debug */,
				5C38E8A32C89FC97007DF383 /* Release */,
			);
			defaultConfigurationIsVisible = 0;
			defaultConfigurationName = Release;
		};
/* End XCConfigurationList section */

/* Begin XCVersionGroup section */
		5C38E8B72C8B7E31007DF383 /* PlayableContentModel.xcdatamodeld */ = {
			isa = XCVersionGroup;
			children = (
				5C38E8B82C8B7E31007DF383 /* PlayableContentModel.xcdatamodel */,
			);
			currentVersion = 5C38E8B82C8B7E31007DF383 /* PlayableContentModel.xcdatamodel */;
			name = PlayableContentModel.xcdatamodeld;
			path = /Users/dukuzy01/Documents/BrowsePlayableContent/PlayableContentModel.xcdatamodeld;
			sourceTree = "<group>";
			versionGroupType = wrapper.xcdatamodel;
		};
/* End XCVersionGroup section */
	};
	rootObject = 5C38E86F2C89FC95007DF383 /* Project object */;
}
